[{<<"cowlib">>,
  {git,"git://github.com/ninenines/cowlib.git",
       {ref,"b5d5d674b160433f9ddf18e5b034cceb8f2bdab4"}},
  1},
 {<<"elli">>,{pkg,<<"elli">>,<<"1.0.4">>},1},
 {<<"emagick">>,
  {git,"https://github.com/kivra/emagick.git",
       {ref,"f8222fbcbee0f56dbfc5bfa599d240967d103a9e"}},
  0},
 {<<"goldrush">>,
  {git,"git://github.com/DeadZen/goldrush.git",
       {ref,"212299233c7e7eb63a97be2777e1c05ebaa58dbe"}},
  3},
 {<<"hpack">>,
  {git,"git://github.com/joedevivo/hpack.git",
       {ref,"3d3197d131bcc2c90e33b01b0bdc154d32a5525a"}},
  2},
 {<<"lager">>,
  {git,"git://github.com/basho/lager.git",
       {ref,"75970de664c5634c577bdedf29c87f58a16893ca"}},
  2},
 {<<"qsp">>,
  {git,"https://github.com/artemeff/qsp.git",
       {ref,"ea581cf038666bda329abeb98a9588e4a23ce317"}},
  0},
 {<<"quickrand">>,{pkg,<<"quickrand">>,<<"1.5.1">>},1},
 {<<"uuid">>,{pkg,<<"uuid_erl">>,<<"1.5.1">>},0}].
